
Microsoft Visual Studio Solution File, Format Version 12.00
# Visual Studio Version 17
VisualStudioVersion = 17.2.32516.85
MinimumVisualStudioVersion = 10.0.40219.1
Project("{2150E333-8FDC-42A3-9474-1A3956D46DE8}") = "Fitapp Api", "Fitapp Api", "{CA6361B6-16C7-40CD-A904-913F2603F81A}"
EndProject
Project("{2150E333-8FDC-42A3-9474-1A3956D46DE8}") = "Fitapp Backend", "Fitapp Backend", "{167531C0-AE9D-4E0E-B9F4-E99B47E86D76}"
EndProject
Project("{2150E333-8FDC-42A3-9474-1A3956D46DE8}") = "Fitapp Frontend", "Fitapp Frontend", "{BF7592FC-5C9D-4EE0-9FA2-BA17F7BEEF60}"
EndProject
Project("{2150E333-8FDC-42A3-9474-1A3956D46DE8}") = "Solution Items", "Solution Items", "{513139A3-E9C8-45B9-9DA1-66F69F82A07D}"
	ProjectSection(SolutionItems) = preProject
		.editorconfig = .editorconfig
	EndProjectSection
EndProject
Project("{2150E333-8FDC-42A3-9474-1A3956D46DE8}") = "Tests", "Tests", "{8575BCE0-CC74-471D-B225-A5DC98ECFAF2}"
EndProject
Project("{2150E333-8FDC-42A3-9474-1A3956D46DE8}") = "_ClassDiagramms", "_ClassDiagramms", "{A7856F79-4198-4849-847C-2BC6E2D6E4C3}"
	ProjectSection(SolutionItems) = preProject
		Graph1.dgml = Graph1.dgml
	EndProjectSection
EndProject
Project("{2150E333-8FDC-42A3-9474-1A3956D46DE8}") = "Middleware API libs", "Middleware API libs", "{6FAD6071-0C96-4FC0-AE47-675E79BB5C85}"
EndProject
Project("{9A19103F-16F7-4668-BE54-9A1E7A4F7556}") = "MauiApp1", "MauiApp1\MauiApp1.csproj", "{A6C55340-0A1E-4ABE-9D67-8DF73E047D8A}"
EndProject
Project("{9A19103F-16F7-4668-BE54-9A1E7A4F7556}") = "ChartApi.Net7", "ChartApi.Net7\ChartApi.Net7.csproj", "{73FB6376-38CE-427E-81FB-CDF0119DFC89}"
EndProject
Project("{9A19103F-16F7-4668-BE54-9A1E7A4F7556}") = "NutritionApi.Net7", "ImageApi.Net7\NutritionApi.Net7.csproj", "{8C6B9FFB-701E-4655-86A2-616902422209}"
EndProject
Project("{9A19103F-16F7-4668-BE54-9A1E7A4F7556}") = "MessageApi.Net7", "MessageApi.Net7\MessageApi.Net7.csproj", "{78A3BA19-F39A-4703-8A35-1F3DE0CF3CAF}"
EndProject
Project("{9A19103F-16F7-4668-BE54-9A1E7A4F7556}") = "SupplementApi.Net7", "SupplementApi.Net7\SupplementApi.Net7.csproj", "{A5FA633F-D389-42BC-AC63-C32DD886108C}"
EndProject
Project("{9A19103F-16F7-4668-BE54-9A1E7A4F7556}") = "UserApi.Net7", "UserApi.Net7\UserApi.Net7.csproj", "{76B342B7-5551-4C5F-AA9B-125AB832CB23}"
EndProject
Project("{9A19103F-16F7-4668-BE54-9A1E7A4F7556}") = "FitappApi.Net7", "FitappApi.Net7\FitappApi.Net7.csproj", "{137B5C7E-CA95-4EE2-B903-74C605BB4B70}"
EndProject
Project("{9A19103F-16F7-4668-BE54-9A1E7A4F7556}") = "FitappAdminWeb.Net7", "FitappAdminWeb.Net7\FitappAdminWeb.Net7.csproj", "{EE2BADAA-C159-4152-BF14-E6A00ABCA923}"
EndProject
Project("{9A19103F-16F7-4668-BE54-9A1E7A4F7556}") = "Charting.Net7", "Charting.Net7\Charting.Net7.csproj", "{97CAAADD-3561-4BA7-A9FD-457F15E8D6A1}"
EndProject
Project("{9A19103F-16F7-4668-BE54-9A1E7A4F7556}") = "Imaging.Net7", "Imaging.Net7\Imaging.Net7.csproj", "{B70AF16A-F3D8-4D6A-95B4-4D1A4E67A60F}"
EndProject
Project("{9A19103F-16F7-4668-BE54-9A1E7A4F7556}") = "Messaging.Net7", "Messaging.Net7\Messaging.Net7.csproj", "{91EBF725-D520-44C0-82A8-BFDF5683AF2A}"
EndProject
Project("{9A19103F-16F7-4668-BE54-9A1E7A4F7556}") = "QuestionManagment.Net7", "QuestionManagment.Net7\QuestionManagment.Net7.csproj", "{4445EB26-49CB-48D4-89D0-CEF8FC0A0A9F}"
EndProject
Project("{9A19103F-16F7-4668-BE54-9A1E7A4F7556}") = "Supplements.Net7", "Supplements.Net7\Supplements.Net7.csproj", "{38150885-9ED4-4D8F-A6C8-88B65EADDEC5}"
EndProject
Project("{9A19103F-16F7-4668-BE54-9A1E7A4F7556}") = "UserManagment.Net7", "UserManagment.Net7\UserManagment.Net7.csproj", "{939DFC56-0B7B-45C7-A6DB-7AC8C03C1184}"
EndProject
Project("{9A19103F-16F7-4668-BE54-9A1E7A4F7556}") = "ParentMiddleWare", "ParentMiddleWare\ParentMiddleWare.csproj", "{A2C4C324-9CFB-4005-A0FE-E95A59BA5919}"
EndProject
Project("{2150E333-8FDC-42A3-9474-1A3956D46DE8}") = "__README", "__README", "{1639C657-CFB9-4064-9252-0A7635651589}"
	ProjectSection(SolutionItems) = preProject
		Architecture.png = Architecture.png
		ASPNET-CORE7-DOC-LINK.txt = ASPNET-CORE7-DOC-LINK.txt
		master_database.svg = master_database.svg
		MAUI-BLAZOR (phone app) links.txt = MAUI-BLAZOR (phone app) links.txt
		Readme-AzureResources.txt = Readme-AzureResources.txt
		Readme-Code-First-database.txt = Readme-Code-First-database.txt
		Readme.txt = Readme.txt
	EndProjectSection
EndProject
Project("{9A19103F-16F7-4668-BE54-9A1E7A4F7556}") = "DataEntryTest", "DataEntryTest\DataEntryTest.csproj", "{C2249E99-5A52-41D0-A924-5C0A38B87291}"
EndProject
Project("{9A19103F-16F7-4668-BE54-9A1E7A4F7556}") = "FeedApi.Net7", "FeedApi.Net7\FeedApi.Net7.csproj", "{01F72703-A060-4938-A159-2864111C4605}"
EndProject
Project("{9A19103F-16F7-4668-BE54-9A1E7A4F7556}") = "ExerciseApi.Net7", "ExerciseApi.Net7\ExerciseApi.Net7.csproj", "{00C926C1-ECA3-478F-812E-BC90BA2F040D}"
EndProject
Project("{2150E333-8FDC-42A3-9474-1A3956D46DE8}") = "Models", "Models", "{F5E33357-2065-46F6-9FD4-046A7B6600E6}"
EndProject
Project("{9A19103F-16F7-4668-BE54-9A1E7A4F7556}") = "ConsoleTest", "ConsoleTest\ConsoleTest.csproj", "{8B11FC12-5F85-43F7-8410-99472C668A6C}"
EndProject
Project("{2150E333-8FDC-42A3-9474-1A3956D46DE8}") = "Data Layer", "Data Layer", "{7DB0F14E-BCEF-4CE0-B77E-5577A3804F52}"
EndProject
Project("{9A19103F-16F7-4668-BE54-9A1E7A4F7556}") = "FitAppData.Net7", "FitAppData.Net7\FitAppData.Net7.csproj", "{AC93BE64-79CE-4BD3-8974-4824DAF40E98}"
EndProject
Project("{9A19103F-16F7-4668-BE54-9A1E7A4F7556}") = "DAOLayer.Net7", "DAOLayer.Net7\DAOLayer.Net7.csproj", "{3464B829-BE66-49D5-8159-3518D5572D5E}"
EndProject
Project("{9A19103F-16F7-4668-BE54-9A1E7A4F7556}") = "MuhdoApi.Net7", "MuhdoApi.Net7\MuhdoApi.Net7.csproj", "{23193E42-36B3-4A55-ADB2-B75FB31B67E0}"
EndProject
Project("{2150E333-8FDC-42A3-9474-1A3956D46DE8}") = "_common", "_common", "{55A93BCC-9B95-4F8F-A203-1BA478B8D1FB}"
EndProject
Project("{9A19103F-16F7-4668-BE54-9A1E7A4F7556}") = "LogHelper", "LogHelper\LogHelper.csproj", "{0AC01E00-D078-4B86-BE2B-FC91D2B6AB6B}"
EndProject
Project("{9A19103F-16F7-4668-BE54-9A1E7A4F7556}") = "AirApnFunctions", "AirApnFunctions\AirApnFunctions.csproj", "{E509D50A-5D7A-4D59-B828-273EA7040259}"
EndProject
Project("{FAE04EC0-301F-11D3-BF4B-00C04F79EFBC}") = "AIRQtool", "AIRQtool\AIRQtool.csproj", "{F76573FD-074F-40D1-9A6F-3D42748D86E3}"
EndProject
Project("{FAE04EC0-301F-11D3-BF4B-00C04F79EFBC}") = "Statics", "Statics\Statics.csproj", "{3728894F-AB6C-4BF6-9072-FF07153AF61F}"
EndProject
Global
	GlobalSection(SolutionConfigurationPlatforms) = preSolution
		Debug|Any CPU = Debug|Any CPU
		Debug|iPhone = Debug|iPhone
		Debug|iPhoneSimulator = Debug|iPhoneSimulator
		Release|Any CPU = Release|Any CPU
		Release|iPhone = Release|iPhone
		Release|iPhoneSimulator = Release|iPhoneSimulator
	EndGlobalSection
	GlobalSection(ProjectConfigurationPlatforms) = postSolution
		{A6C55340-0A1E-4ABE-9D67-8DF73E047D8A}.Debug|Any CPU.ActiveCfg = Debug|Any CPU
		{A6C55340-0A1E-4ABE-9D67-8DF73E047D8A}.Debug|Any CPU.Build.0 = Debug|Any CPU
		{A6C55340-0A1E-4ABE-9D67-8DF73E047D8A}.Debug|Any CPU.Deploy.0 = Debug|Any CPU
		{A6C55340-0A1E-4ABE-9D67-8DF73E047D8A}.Debug|iPhone.ActiveCfg = Debug|Any CPU
		{A6C55340-0A1E-4ABE-9D67-8DF73E047D8A}.Debug|iPhone.Build.0 = Debug|Any CPU
		{A6C55340-0A1E-4ABE-9D67-8DF73E047D8A}.Debug|iPhone.Deploy.0 = Debug|Any CPU
		{A6C55340-0A1E-4ABE-9D67-8DF73E047D8A}.Debug|iPhoneSimulator.ActiveCfg = Debug|Any CPU
		{A6C55340-0A1E-4ABE-9D67-8DF73E047D8A}.Debug|iPhoneSimulator.Build.0 = Debug|Any CPU
		{A6C55340-0A1E-4ABE-9D67-8DF73E047D8A}.Debug|iPhoneSimulator.Deploy.0 = Debug|Any CPU
		{A6C55340-0A1E-4ABE-9D67-8DF73E047D8A}.Release|Any CPU.ActiveCfg = Release|Any CPU
		{A6C55340-0A1E-4ABE-9D67-8DF73E047D8A}.Release|Any CPU.Build.0 = Release|Any CPU
		{A6C55340-0A1E-4ABE-9D67-8DF73E047D8A}.Release|Any CPU.Deploy.0 = Release|Any CPU
		{A6C55340-0A1E-4ABE-9D67-8DF73E047D8A}.Release|iPhone.ActiveCfg = Release|Any CPU
		{A6C55340-0A1E-4ABE-9D67-8DF73E047D8A}.Release|iPhone.Build.0 = Release|Any CPU
		{A6C55340-0A1E-4ABE-9D67-8DF73E047D8A}.Release|iPhone.Deploy.0 = Release|Any CPU
		{A6C55340-0A1E-4ABE-9D67-8DF73E047D8A}.Release|iPhoneSimulator.ActiveCfg = Release|Any CPU
		{A6C55340-0A1E-4ABE-9D67-8DF73E047D8A}.Release|iPhoneSimulator.Build.0 = Release|Any CPU
		{A6C55340-0A1E-4ABE-9D67-8DF73E047D8A}.Release|iPhoneSimulator.Deploy.0 = Release|Any CPU
		{73FB6376-38CE-427E-81FB-CDF0119DFC89}.Debug|Any CPU.ActiveCfg = Debug|Any CPU
		{73FB6376-38CE-427E-81FB-CDF0119DFC89}.Debug|Any CPU.Build.0 = Debug|Any CPU
		{73FB6376-38CE-427E-81FB-CDF0119DFC89}.Debug|iPhone.ActiveCfg = Debug|Any CPU
		{73FB6376-38CE-427E-81FB-CDF0119DFC89}.Debug|iPhone.Build.0 = Debug|Any CPU
		{73FB6376-38CE-427E-81FB-CDF0119DFC89}.Debug|iPhoneSimulator.ActiveCfg = Debug|Any CPU
		{73FB6376-38CE-427E-81FB-CDF0119DFC89}.Debug|iPhoneSimulator.Build.0 = Debug|Any CPU
		{73FB6376-38CE-427E-81FB-CDF0119DFC89}.Release|Any CPU.ActiveCfg = Release|Any CPU
		{73FB6376-38CE-427E-81FB-CDF0119DFC89}.Release|Any CPU.Build.0 = Release|Any CPU
		{73FB6376-38CE-427E-81FB-CDF0119DFC89}.Release|iPhone.ActiveCfg = Release|Any CPU
		{73FB6376-38CE-427E-81FB-CDF0119DFC89}.Release|iPhone.Build.0 = Release|Any CPU
		{73FB6376-38CE-427E-81FB-CDF0119DFC89}.Release|iPhoneSimulator.ActiveCfg = Release|Any CPU
		{73FB6376-38CE-427E-81FB-CDF0119DFC89}.Release|iPhoneSimulator.Build.0 = Release|Any CPU
		{8C6B9FFB-701E-4655-86A2-616902422209}.Debug|Any CPU.ActiveCfg = Debug|Any CPU
		{8C6B9FFB-701E-4655-86A2-616902422209}.Debug|Any CPU.Build.0 = Debug|Any CPU
		{8C6B9FFB-701E-4655-86A2-616902422209}.Debug|iPhone.ActiveCfg = Debug|Any CPU
		{8C6B9FFB-701E-4655-86A2-616902422209}.Debug|iPhone.Build.0 = Debug|Any CPU
		{8C6B9FFB-701E-4655-86A2-616902422209}.Debug|iPhoneSimulator.ActiveCfg = Debug|Any CPU
		{8C6B9FFB-701E-4655-86A2-616902422209}.Debug|iPhoneSimulator.Build.0 = Debug|Any CPU
		{8C6B9FFB-701E-4655-86A2-616902422209}.Release|Any CPU.ActiveCfg = Release|Any CPU
		{8C6B9FFB-701E-4655-86A2-616902422209}.Release|Any CPU.Build.0 = Release|Any CPU
		{8C6B9FFB-701E-4655-86A2-616902422209}.Release|iPhone.ActiveCfg = Release|Any CPU
		{8C6B9FFB-701E-4655-86A2-616902422209}.Release|iPhone.Build.0 = Release|Any CPU
		{8C6B9FFB-701E-4655-86A2-616902422209}.Release|iPhoneSimulator.ActiveCfg = Release|Any CPU
		{8C6B9FFB-701E-4655-86A2-616902422209}.Release|iPhoneSimulator.Build.0 = Release|Any CPU
		{78A3BA19-F39A-4703-8A35-1F3DE0CF3CAF}.Debug|Any CPU.ActiveCfg = Debug|Any CPU
		{78A3BA19-F39A-4703-8A35-1F3DE0CF3CAF}.Debug|Any CPU.Build.0 = Debug|Any CPU
		{78A3BA19-F39A-4703-8A35-1F3DE0CF3CAF}.Debug|iPhone.ActiveCfg = Debug|Any CPU
		{78A3BA19-F39A-4703-8A35-1F3DE0CF3CAF}.Debug|iPhone.Build.0 = Debug|Any CPU
		{78A3BA19-F39A-4703-8A35-1F3DE0CF3CAF}.Debug|iPhoneSimulator.ActiveCfg = Debug|Any CPU
		{78A3BA19-F39A-4703-8A35-1F3DE0CF3CAF}.Debug|iPhoneSimulator.Build.0 = Debug|Any CPU
		{78A3BA19-F39A-4703-8A35-1F3DE0CF3CAF}.Release|Any CPU.ActiveCfg = Release|Any CPU
		{78A3BA19-F39A-4703-8A35-1F3DE0CF3CAF}.Release|Any CPU.Build.0 = Release|Any CPU
		{78A3BA19-F39A-4703-8A35-1F3DE0CF3CAF}.Release|iPhone.ActiveCfg = Release|Any CPU
		{78A3BA19-F39A-4703-8A35-1F3DE0CF3CAF}.Release|iPhone.Build.0 = Release|Any CPU
		{78A3BA19-F39A-4703-8A35-1F3DE0CF3CAF}.Release|iPhoneSimulator.ActiveCfg = Release|Any CPU
		{78A3BA19-F39A-4703-8A35-1F3DE0CF3CAF}.Release|iPhoneSimulator.Build.0 = Release|Any CPU
		{A5FA633F-D389-42BC-AC63-C32DD886108C}.Debug|Any CPU.ActiveCfg = Debug|Any CPU
		{A5FA633F-D389-42BC-AC63-C32DD886108C}.Debug|Any CPU.Build.0 = Debug|Any CPU
		{A5FA633F-D389-42BC-AC63-C32DD886108C}.Debug|iPhone.ActiveCfg = Debug|Any CPU
		{A5FA633F-D389-42BC-AC63-C32DD886108C}.Debug|iPhone.Build.0 = Debug|Any CPU
		{A5FA633F-D389-42BC-AC63-C32DD886108C}.Debug|iPhoneSimulator.ActiveCfg = Debug|Any CPU
		{A5FA633F-D389-42BC-AC63-C32DD886108C}.Debug|iPhoneSimulator.Build.0 = Debug|Any CPU
		{A5FA633F-D389-42BC-AC63-C32DD886108C}.Release|Any CPU.ActiveCfg = Release|Any CPU
		{A5FA633F-D389-42BC-AC63-C32DD886108C}.Release|Any CPU.Build.0 = Release|Any CPU
		{A5FA633F-D389-42BC-AC63-C32DD886108C}.Release|iPhone.ActiveCfg = Release|Any CPU
		{A5FA633F-D389-42BC-AC63-C32DD886108C}.Release|iPhone.Build.0 = Release|Any CPU
		{A5FA633F-D389-42BC-AC63-C32DD886108C}.Release|iPhoneSimulator.ActiveCfg = Release|Any CPU
		{A5FA633F-D389-42BC-AC63-C32DD886108C}.Release|iPhoneSimulator.Build.0 = Release|Any CPU
		{76B342B7-5551-4C5F-AA9B-125AB832CB23}.Debug|Any CPU.ActiveCfg = Debug|Any CPU
		{76B342B7-5551-4C5F-AA9B-125AB832CB23}.Debug|Any CPU.Build.0 = Debug|Any CPU
		{76B342B7-5551-4C5F-AA9B-125AB832CB23}.Debug|iPhone.ActiveCfg = Debug|Any CPU
		{76B342B7-5551-4C5F-AA9B-125AB832CB23}.Debug|iPhone.Build.0 = Debug|Any CPU
		{76B342B7-5551-4C5F-AA9B-125AB832CB23}.Debug|iPhoneSimulator.ActiveCfg = Debug|Any CPU
		{76B342B7-5551-4C5F-AA9B-125AB832CB23}.Debug|iPhoneSimulator.Build.0 = Debug|Any CPU
		{76B342B7-5551-4C5F-AA9B-125AB832CB23}.Release|Any CPU.ActiveCfg = Release|Any CPU
		{76B342B7-5551-4C5F-AA9B-125AB832CB23}.Release|Any CPU.Build.0 = Release|Any CPU
		{76B342B7-5551-4C5F-AA9B-125AB832CB23}.Release|iPhone.ActiveCfg = Release|Any CPU
		{76B342B7-5551-4C5F-AA9B-125AB832CB23}.Release|iPhone.Build.0 = Release|Any CPU
		{76B342B7-5551-4C5F-AA9B-125AB832CB23}.Release|iPhoneSimulator.ActiveCfg = Release|Any CPU
		{76B342B7-5551-4C5F-AA9B-125AB832CB23}.Release|iPhoneSimulator.Build.0 = Release|Any CPU
		{137B5C7E-CA95-4EE2-B903-74C605BB4B70}.Debug|Any CPU.ActiveCfg = Debug|Any CPU
		{137B5C7E-CA95-4EE2-B903-74C605BB4B70}.Debug|Any CPU.Build.0 = Debug|Any CPU
		{137B5C7E-CA95-4EE2-B903-74C605BB4B70}.Debug|iPhone.ActiveCfg = Debug|Any CPU
		{137B5C7E-CA95-4EE2-B903-74C605BB4B70}.Debug|iPhone.Build.0 = Debug|Any CPU
		{137B5C7E-CA95-4EE2-B903-74C605BB4B70}.Debug|iPhoneSimulator.ActiveCfg = Debug|Any CPU
		{137B5C7E-CA95-4EE2-B903-74C605BB4B70}.Debug|iPhoneSimulator.Build.0 = Debug|Any CPU
		{137B5C7E-CA95-4EE2-B903-74C605BB4B70}.Release|Any CPU.ActiveCfg = Release|Any CPU
		{137B5C7E-CA95-4EE2-B903-74C605BB4B70}.Release|Any CPU.Build.0 = Release|Any CPU
		{137B5C7E-CA95-4EE2-B903-74C605BB4B70}.Release|iPhone.ActiveCfg = Release|Any CPU
		{137B5C7E-CA95-4EE2-B903-74C605BB4B70}.Release|iPhone.Build.0 = Release|Any CPU
		{137B5C7E-CA95-4EE2-B903-74C605BB4B70}.Release|iPhoneSimulator.ActiveCfg = Release|Any CPU
		{137B5C7E-CA95-4EE2-B903-74C605BB4B70}.Release|iPhoneSimulator.Build.0 = Release|Any CPU
		{EE2BADAA-C159-4152-BF14-E6A00ABCA923}.Debug|Any CPU.ActiveCfg = Debug|Any CPU
		{EE2BADAA-C159-4152-BF14-E6A00ABCA923}.Debug|Any CPU.Build.0 = Debug|Any CPU
		{EE2BADAA-C159-4152-BF14-E6A00ABCA923}.Debug|iPhone.ActiveCfg = Debug|Any CPU
		{EE2BADAA-C159-4152-BF14-E6A00ABCA923}.Debug|iPhone.Build.0 = Debug|Any CPU
		{EE2BADAA-C159-4152-BF14-E6A00ABCA923}.Debug|iPhoneSimulator.ActiveCfg = Debug|Any CPU
		{EE2BADAA-C159-4152-BF14-E6A00ABCA923}.Debug|iPhoneSimulator.Build.0 = Debug|Any CPU
		{EE2BADAA-C159-4152-BF14-E6A00ABCA923}.Release|Any CPU.ActiveCfg = Release|Any CPU
		{EE2BADAA-C159-4152-BF14-E6A00ABCA923}.Release|Any CPU.Build.0 = Release|Any CPU
		{EE2BADAA-C159-4152-BF14-E6A00ABCA923}.Release|iPhone.ActiveCfg = Release|Any CPU
		{EE2BADAA-C159-4152-BF14-E6A00ABCA923}.Release|iPhone.Build.0 = Release|Any CPU
		{EE2BADAA-C159-4152-BF14-E6A00ABCA923}.Release|iPhoneSimulator.ActiveCfg = Release|Any CPU
		{EE2BADAA-C159-4152-BF14-E6A00ABCA923}.Release|iPhoneSimulator.Build.0 = Release|Any CPU
		{97CAAADD-3561-4BA7-A9FD-457F15E8D6A1}.Debug|Any CPU.ActiveCfg = Debug|Any CPU
		{97CAAADD-3561-4BA7-A9FD-457F15E8D6A1}.Debug|Any CPU.Build.0 = Debug|Any CPU
		{97CAAADD-3561-4BA7-A9FD-457F15E8D6A1}.Debug|iPhone.ActiveCfg = Debug|Any CPU
		{97CAAADD-3561-4BA7-A9FD-457F15E8D6A1}.Debug|iPhone.Build.0 = Debug|Any CPU
		{97CAAADD-3561-4BA7-A9FD-457F15E8D6A1}.Debug|iPhoneSimulator.ActiveCfg = Debug|Any CPU
		{97CAAADD-3561-4BA7-A9FD-457F15E8D6A1}.Debug|iPhoneSimulator.Build.0 = Debug|Any CPU
		{97CAAADD-3561-4BA7-A9FD-457F15E8D6A1}.Release|Any CPU.ActiveCfg = Release|Any CPU
		{97CAAADD-3561-4BA7-A9FD-457F15E8D6A1}.Release|Any CPU.Build.0 = Release|Any CPU
		{97CAAADD-3561-4BA7-A9FD-457F15E8D6A1}.Release|iPhone.ActiveCfg = Release|Any CPU
		{97CAAADD-3561-4BA7-A9FD-457F15E8D6A1}.Release|iPhone.Build.0 = Release|Any CPU
		{97CAAADD-3561-4BA7-A9FD-457F15E8D6A1}.Release|iPhoneSimulator.ActiveCfg = Release|Any CPU
		{97CAAADD-3561-4BA7-A9FD-457F15E8D6A1}.Release|iPhoneSimulator.Build.0 = Release|Any CPU
		{B70AF16A-F3D8-4D6A-95B4-4D1A4E67A60F}.Debug|Any CPU.ActiveCfg = Debug|Any CPU
		{B70AF16A-F3D8-4D6A-95B4-4D1A4E67A60F}.Debug|Any CPU.Build.0 = Debug|Any CPU
		{B70AF16A-F3D8-4D6A-95B4-4D1A4E67A60F}.Debug|iPhone.ActiveCfg = Debug|Any CPU
		{B70AF16A-F3D8-4D6A-95B4-4D1A4E67A60F}.Debug|iPhone.Build.0 = Debug|Any CPU
		{B70AF16A-F3D8-4D6A-95B4-4D1A4E67A60F}.Debug|iPhoneSimulator.ActiveCfg = Debug|Any CPU
		{B70AF16A-F3D8-4D6A-95B4-4D1A4E67A60F}.Debug|iPhoneSimulator.Build.0 = Debug|Any CPU
		{B70AF16A-F3D8-4D6A-95B4-4D1A4E67A60F}.Release|Any CPU.ActiveCfg = Release|Any CPU
		{B70AF16A-F3D8-4D6A-95B4-4D1A4E67A60F}.Release|Any CPU.Build.0 = Release|Any CPU
		{B70AF16A-F3D8-4D6A-95B4-4D1A4E67A60F}.Release|iPhone.ActiveCfg = Release|Any CPU
		{B70AF16A-F3D8-4D6A-95B4-4D1A4E67A60F}.Release|iPhone.Build.0 = Release|Any CPU
		{B70AF16A-F3D8-4D6A-95B4-4D1A4E67A60F}.Release|iPhoneSimulator.ActiveCfg = Release|Any CPU
		{B70AF16A-F3D8-4D6A-95B4-4D1A4E67A60F}.Release|iPhoneSimulator.Build.0 = Release|Any CPU
		{91EBF725-D520-44C0-82A8-BFDF5683AF2A}.Debug|Any CPU.ActiveCfg = Debug|Any CPU
		{91EBF725-D520-44C0-82A8-BFDF5683AF2A}.Debug|Any CPU.Build.0 = Debug|Any CPU
		{91EBF725-D520-44C0-82A8-BFDF5683AF2A}.Debug|iPhone.ActiveCfg = Debug|Any CPU
		{91EBF725-D520-44C0-82A8-BFDF5683AF2A}.Debug|iPhone.Build.0 = Debug|Any CPU
		{91EBF725-D520-44C0-82A8-BFDF5683AF2A}.Debug|iPhoneSimulator.ActiveCfg = Debug|Any CPU
		{91EBF725-D520-44C0-82A8-BFDF5683AF2A}.Debug|iPhoneSimulator.Build.0 = Debug|Any CPU
		{91EBF725-D520-44C0-82A8-BFDF5683AF2A}.Release|Any CPU.ActiveCfg = Release|Any CPU
		{91EBF725-D520-44C0-82A8-BFDF5683AF2A}.Release|Any CPU.Build.0 = Release|Any CPU
		{91EBF725-D520-44C0-82A8-BFDF5683AF2A}.Release|iPhone.ActiveCfg = Release|Any CPU
		{91EBF725-D520-44C0-82A8-BFDF5683AF2A}.Release|iPhone.Build.0 = Release|Any CPU
		{91EBF725-D520-44C0-82A8-BFDF5683AF2A}.Release|iPhoneSimulator.ActiveCfg = Release|Any CPU
		{91EBF725-D520-44C0-82A8-BFDF5683AF2A}.Release|iPhoneSimulator.Build.0 = Release|Any CPU
		{4445EB26-49CB-48D4-89D0-CEF8FC0A0A9F}.Debug|Any CPU.ActiveCfg = Debug|Any CPU
		{4445EB26-49CB-48D4-89D0-CEF8FC0A0A9F}.Debug|Any CPU.Build.0 = Debug|Any CPU
		{4445EB26-49CB-48D4-89D0-CEF8FC0A0A9F}.Debug|iPhone.ActiveCfg = Debug|Any CPU
		{4445EB26-49CB-48D4-89D0-CEF8FC0A0A9F}.Debug|iPhone.Build.0 = Debug|Any CPU
		{4445EB26-49CB-48D4-89D0-CEF8FC0A0A9F}.Debug|iPhoneSimulator.ActiveCfg = Debug|Any CPU
		{4445EB26-49CB-48D4-89D0-CEF8FC0A0A9F}.Debug|iPhoneSimulator.Build.0 = Debug|Any CPU
		{4445EB26-49CB-48D4-89D0-CEF8FC0A0A9F}.Release|Any CPU.ActiveCfg = Release|Any CPU
		{4445EB26-49CB-48D4-89D0-CEF8FC0A0A9F}.Release|Any CPU.Build.0 = Release|Any CPU
		{4445EB26-49CB-48D4-89D0-CEF8FC0A0A9F}.Release|iPhone.ActiveCfg = Release|Any CPU
		{4445EB26-49CB-48D4-89D0-CEF8FC0A0A9F}.Release|iPhone.Build.0 = Release|Any CPU
		{4445EB26-49CB-48D4-89D0-CEF8FC0A0A9F}.Release|iPhoneSimulator.ActiveCfg = Release|Any CPU
		{4445EB26-49CB-48D4-89D0-CEF8FC0A0A9F}.Release|iPhoneSimulator.Build.0 = Release|Any CPU
		{38150885-9ED4-4D8F-A6C8-88B65EADDEC5}.Debug|Any CPU.ActiveCfg = Debug|Any CPU
		{38150885-9ED4-4D8F-A6C8-88B65EADDEC5}.Debug|Any CPU.Build.0 = Debug|Any CPU
		{38150885-9ED4-4D8F-A6C8-88B65EADDEC5}.Debug|iPhone.ActiveCfg = Debug|Any CPU
		{38150885-9ED4-4D8F-A6C8-88B65EADDEC5}.Debug|iPhone.Build.0 = Debug|Any CPU
		{38150885-9ED4-4D8F-A6C8-88B65EADDEC5}.Debug|iPhoneSimulator.ActiveCfg = Debug|Any CPU
		{38150885-9ED4-4D8F-A6C8-88B65EADDEC5}.Debug|iPhoneSimulator.Build.0 = Debug|Any CPU
		{38150885-9ED4-4D8F-A6C8-88B65EADDEC5}.Release|Any CPU.ActiveCfg = Release|Any CPU
		{38150885-9ED4-4D8F-A6C8-88B65EADDEC5}.Release|Any CPU.Build.0 = Release|Any CPU
		{38150885-9ED4-4D8F-A6C8-88B65EADDEC5}.Release|iPhone.ActiveCfg = Release|Any CPU
		{38150885-9ED4-4D8F-A6C8-88B65EADDEC5}.Release|iPhone.Build.0 = Release|Any CPU
		{38150885-9ED4-4D8F-A6C8-88B65EADDEC5}.Release|iPhoneSimulator.ActiveCfg = Release|Any CPU
		{38150885-9ED4-4D8F-A6C8-88B65EADDEC5}.Release|iPhoneSimulator.Build.0 = Release|Any CPU
		{939DFC56-0B7B-45C7-A6DB-7AC8C03C1184}.Debug|Any CPU.ActiveCfg = Debug|Any CPU
		{939DFC56-0B7B-45C7-A6DB-7AC8C03C1184}.Debug|Any CPU.Build.0 = Debug|Any CPU
		{939DFC56-0B7B-45C7-A6DB-7AC8C03C1184}.Debug|iPhone.ActiveCfg = Debug|Any CPU
		{939DFC56-0B7B-45C7-A6DB-7AC8C03C1184}.Debug|iPhone.Build.0 = Debug|Any CPU
		{939DFC56-0B7B-45C7-A6DB-7AC8C03C1184}.Debug|iPhoneSimulator.ActiveCfg = Debug|Any CPU
		{939DFC56-0B7B-45C7-A6DB-7AC8C03C1184}.Debug|iPhoneSimulator.Build.0 = Debug|Any CPU
		{939DFC56-0B7B-45C7-A6DB-7AC8C03C1184}.Release|Any CPU.ActiveCfg = Release|Any CPU
		{939DFC56-0B7B-45C7-A6DB-7AC8C03C1184}.Release|Any CPU.Build.0 = Release|Any CPU
		{939DFC56-0B7B-45C7-A6DB-7AC8C03C1184}.Release|iPhone.ActiveCfg = Release|Any CPU
		{939DFC56-0B7B-45C7-A6DB-7AC8C03C1184}.Release|iPhone.Build.0 = Release|Any CPU
		{939DFC56-0B7B-45C7-A6DB-7AC8C03C1184}.Release|iPhoneSimulator.ActiveCfg = Release|Any CPU
		{939DFC56-0B7B-45C7-A6DB-7AC8C03C1184}.Release|iPhoneSimulator.Build.0 = Release|Any CPU
		{A2C4C324-9CFB-4005-A0FE-E95A59BA5919}.Debug|Any CPU.ActiveCfg = Debug|Any CPU
		{A2C4C324-9CFB-4005-A0FE-E95A59BA5919}.Debug|Any CPU.Build.0 = Debug|Any CPU
		{A2C4C324-9CFB-4005-A0FE-E95A59BA5919}.Debug|iPhone.ActiveCfg = Debug|Any CPU
		{A2C4C324-9CFB-4005-A0FE-E95A59BA5919}.Debug|iPhone.Build.0 = Debug|Any CPU
		{A2C4C324-9CFB-4005-A0FE-E95A59BA5919}.Debug|iPhoneSimulator.ActiveCfg = Debug|Any CPU
		{A2C4C324-9CFB-4005-A0FE-E95A59BA5919}.Debug|iPhoneSimulator.Build.0 = Debug|Any CPU
		{A2C4C324-9CFB-4005-A0FE-E95A59BA5919}.Release|Any CPU.ActiveCfg = Release|Any CPU
		{A2C4C324-9CFB-4005-A0FE-E95A59BA5919}.Release|Any CPU.Build.0 = Release|Any CPU
		{A2C4C324-9CFB-4005-A0FE-E95A59BA5919}.Release|iPhone.ActiveCfg = Release|Any CPU
		{A2C4C324-9CFB-4005-A0FE-E95A59BA5919}.Release|iPhone.Build.0 = Release|Any CPU
		{A2C4C324-9CFB-4005-A0FE-E95A59BA5919}.Release|iPhoneSimulator.ActiveCfg = Release|Any CPU
		{A2C4C324-9CFB-4005-A0FE-E95A59BA5919}.Release|iPhoneSimulator.Build.0 = Release|Any CPU
		{C2249E99-5A52-41D0-A924-5C0A38B87291}.Debug|Any CPU.ActiveCfg = Debug|Any CPU
		{C2249E99-5A52-41D0-A924-5C0A38B87291}.Debug|Any CPU.Build.0 = Debug|Any CPU
		{C2249E99-5A52-41D0-A924-5C0A38B87291}.Debug|iPhone.ActiveCfg = Debug|Any CPU
		{C2249E99-5A52-41D0-A924-5C0A38B87291}.Debug|iPhone.Build.0 = Debug|Any CPU
		{C2249E99-5A52-41D0-A924-5C0A38B87291}.Debug|iPhoneSimulator.ActiveCfg = Debug|Any CPU
		{C2249E99-5A52-41D0-A924-5C0A38B87291}.Debug|iPhoneSimulator.Build.0 = Debug|Any CPU
		{C2249E99-5A52-41D0-A924-5C0A38B87291}.Release|Any CPU.ActiveCfg = Release|Any CPU
		{C2249E99-5A52-41D0-A924-5C0A38B87291}.Release|Any CPU.Build.0 = Release|Any CPU
		{C2249E99-5A52-41D0-A924-5C0A38B87291}.Release|iPhone.ActiveCfg = Release|Any CPU
		{C2249E99-5A52-41D0-A924-5C0A38B87291}.Release|iPhone.Build.0 = Release|Any CPU
		{C2249E99-5A52-41D0-A924-5C0A38B87291}.Release|iPhoneSimulator.ActiveCfg = Release|Any CPU
		{C2249E99-5A52-41D0-A924-5C0A38B87291}.Release|iPhoneSimulator.Build.0 = Release|Any CPU
		{01F72703-A060-4938-A159-2864111C4605}.Debug|Any CPU.ActiveCfg = Debug|Any CPU
		{01F72703-A060-4938-A159-2864111C4605}.Debug|Any CPU.Build.0 = Debug|Any CPU
		{01F72703-A060-4938-A159-2864111C4605}.Debug|iPhone.ActiveCfg = Debug|Any CPU
		{01F72703-A060-4938-A159-2864111C4605}.Debug|iPhone.Build.0 = Debug|Any CPU
		{01F72703-A060-4938-A159-2864111C4605}.Debug|iPhoneSimulator.ActiveCfg = Debug|Any CPU
		{01F72703-A060-4938-A159-2864111C4605}.Debug|iPhoneSimulator.Build.0 = Debug|Any CPU
		{01F72703-A060-4938-A159-2864111C4605}.Release|Any CPU.ActiveCfg = Release|Any CPU
		{01F72703-A060-4938-A159-2864111C4605}.Release|Any CPU.Build.0 = Release|Any CPU
		{01F72703-A060-4938-A159-2864111C4605}.Release|iPhone.ActiveCfg = Release|Any CPU
		{01F72703-A060-4938-A159-2864111C4605}.Release|iPhone.Build.0 = Release|Any CPU
		{01F72703-A060-4938-A159-2864111C4605}.Release|iPhoneSimulator.ActiveCfg = Release|Any CPU
		{01F72703-A060-4938-A159-2864111C4605}.Release|iPhoneSimulator.Build.0 = Release|Any CPU
		{00C926C1-ECA3-478F-812E-BC90BA2F040D}.Debug|Any CPU.ActiveCfg = Debug|Any CPU
		{00C926C1-ECA3-478F-812E-BC90BA2F040D}.Debug|Any CPU.Build.0 = Debug|Any CPU
		{00C926C1-ECA3-478F-812E-BC90BA2F040D}.Debug|iPhone.ActiveCfg = Debug|Any CPU
		{00C926C1-ECA3-478F-812E-BC90BA2F040D}.Debug|iPhone.Build.0 = Debug|Any CPU
		{00C926C1-ECA3-478F-812E-BC90BA2F040D}.Debug|iPhoneSimulator.ActiveCfg = Debug|Any CPU
		{00C926C1-ECA3-478F-812E-BC90BA2F040D}.Debug|iPhoneSimulator.Build.0 = Debug|Any CPU
		{00C926C1-ECA3-478F-812E-BC90BA2F040D}.Release|Any CPU.ActiveCfg = Release|Any CPU
		{00C926C1-ECA3-478F-812E-BC90BA2F040D}.Release|Any CPU.Build.0 = Release|Any CPU
		{00C926C1-ECA3-478F-812E-BC90BA2F040D}.Release|iPhone.ActiveCfg = Release|Any CPU
		{00C926C1-ECA3-478F-812E-BC90BA2F040D}.Release|iPhone.Build.0 = Release|Any CPU
		{00C926C1-ECA3-478F-812E-BC90BA2F040D}.Release|iPhoneSimulator.ActiveCfg = Release|Any CPU
		{00C926C1-ECA3-478F-812E-BC90BA2F040D}.Release|iPhoneSimulator.Build.0 = Release|Any CPU
		{8B11FC12-5F85-43F7-8410-99472C668A6C}.Debug|Any CPU.ActiveCfg = Debug|Any CPU
		{8B11FC12-5F85-43F7-8410-99472C668A6C}.Debug|Any CPU.Build.0 = Debug|Any CPU
		{8B11FC12-5F85-43F7-8410-99472C668A6C}.Debug|iPhone.ActiveCfg = Debug|Any CPU
		{8B11FC12-5F85-43F7-8410-99472C668A6C}.Debug|iPhone.Build.0 = Debug|Any CPU
		{8B11FC12-5F85-43F7-8410-99472C668A6C}.Debug|iPhoneSimulator.ActiveCfg = Debug|Any CPU
		{8B11FC12-5F85-43F7-8410-99472C668A6C}.Debug|iPhoneSimulator.Build.0 = Debug|Any CPU
		{8B11FC12-5F85-43F7-8410-99472C668A6C}.Release|Any CPU.ActiveCfg = Release|Any CPU
		{8B11FC12-5F85-43F7-8410-99472C668A6C}.Release|Any CPU.Build.0 = Release|Any CPU
		{8B11FC12-5F85-43F7-8410-99472C668A6C}.Release|iPhone.ActiveCfg = Release|Any CPU
		{8B11FC12-5F85-43F7-8410-99472C668A6C}.Release|iPhone.Build.0 = Release|Any CPU
		{8B11FC12-5F85-43F7-8410-99472C668A6C}.Release|iPhoneSimulator.ActiveCfg = Release|Any CPU
		{8B11FC12-5F85-43F7-8410-99472C668A6C}.Release|iPhoneSimulator.Build.0 = Release|Any CPU
		{AC93BE64-79CE-4BD3-8974-4824DAF40E98}.Debug|Any CPU.ActiveCfg = Debug|Any CPU
		{AC93BE64-79CE-4BD3-8974-4824DAF40E98}.Debug|Any CPU.Build.0 = Debug|Any CPU
		{AC93BE64-79CE-4BD3-8974-4824DAF40E98}.Debug|iPhone.ActiveCfg = Debug|Any CPU
		{AC93BE64-79CE-4BD3-8974-4824DAF40E98}.Debug|iPhone.Build.0 = Debug|Any CPU
		{AC93BE64-79CE-4BD3-8974-4824DAF40E98}.Debug|iPhoneSimulator.ActiveCfg = Debug|Any CPU
		{AC93BE64-79CE-4BD3-8974-4824DAF40E98}.Debug|iPhoneSimulator.Build.0 = Debug|Any CPU
		{AC93BE64-79CE-4BD3-8974-4824DAF40E98}.Release|Any CPU.ActiveCfg = Release|Any CPU
		{AC93BE64-79CE-4BD3-8974-4824DAF40E98}.Release|Any CPU.Build.0 = Release|Any CPU
		{AC93BE64-79CE-4BD3-8974-4824DAF40E98}.Release|iPhone.ActiveCfg = Release|Any CPU
		{AC93BE64-79CE-4BD3-8974-4824DAF40E98}.Release|iPhone.Build.0 = Release|Any CPU
		{AC93BE64-79CE-4BD3-8974-4824DAF40E98}.Release|iPhoneSimulator.ActiveCfg = Release|Any CPU
		{AC93BE64-79CE-4BD3-8974-4824DAF40E98}.Release|iPhoneSimulator.Build.0 = Release|Any CPU
		{3464B829-BE66-49D5-8159-3518D5572D5E}.Debug|Any CPU.ActiveCfg = Debug|Any CPU
		{3464B829-BE66-49D5-8159-3518D5572D5E}.Debug|Any CPU.Build.0 = Debug|Any CPU
		{3464B829-BE66-49D5-8159-3518D5572D5E}.Debug|iPhone.ActiveCfg = Debug|Any CPU
		{3464B829-BE66-49D5-8159-3518D5572D5E}.Debug|iPhone.Build.0 = Debug|Any CPU
		{3464B829-BE66-49D5-8159-3518D5572D5E}.Debug|iPhoneSimulator.ActiveCfg = Debug|Any CPU
		{3464B829-BE66-49D5-8159-3518D5572D5E}.Debug|iPhoneSimulator.Build.0 = Debug|Any CPU
		{3464B829-BE66-49D5-8159-3518D5572D5E}.Release|Any CPU.ActiveCfg = Release|Any CPU
		{3464B829-BE66-49D5-8159-3518D5572D5E}.Release|Any CPU.Build.0 = Release|Any CPU
		{3464B829-BE66-49D5-8159-3518D5572D5E}.Release|iPhone.ActiveCfg = Release|Any CPU
		{3464B829-BE66-49D5-8159-3518D5572D5E}.Release|iPhone.Build.0 = Release|Any CPU
		{3464B829-BE66-49D5-8159-3518D5572D5E}.Release|iPhoneSimulator.ActiveCfg = Release|Any CPU
		{3464B829-BE66-49D5-8159-3518D5572D5E}.Release|iPhoneSimulator.Build.0 = Release|Any CPU
		{23193E42-36B3-4A55-ADB2-B75FB31B67E0}.Debug|Any CPU.ActiveCfg = Debug|Any CPU
		{23193E42-36B3-4A55-ADB2-B75FB31B67E0}.Debug|Any CPU.Build.0 = Debug|Any CPU
		{23193E42-36B3-4A55-ADB2-B75FB31B67E0}.Debug|iPhone.ActiveCfg = Debug|Any CPU
		{23193E42-36B3-4A55-ADB2-B75FB31B67E0}.Debug|iPhone.Build.0 = Debug|Any CPU
		{23193E42-36B3-4A55-ADB2-B75FB31B67E0}.Debug|iPhoneSimulator.ActiveCfg = Debug|Any CPU
		{23193E42-36B3-4A55-ADB2-B75FB31B67E0}.Debug|iPhoneSimulator.Build.0 = Debug|Any CPU
		{23193E42-36B3-4A55-ADB2-B75FB31B67E0}.Release|Any CPU.ActiveCfg = Release|Any CPU
		{23193E42-36B3-4A55-ADB2-B75FB31B67E0}.Release|Any CPU.Build.0 = Release|Any CPU
		{23193E42-36B3-4A55-ADB2-B75FB31B67E0}.Release|iPhone.ActiveCfg = Release|Any CPU
		{23193E42-36B3-4A55-ADB2-B75FB31B67E0}.Release|iPhone.Build.0 = Release|Any CPU
		{23193E42-36B3-4A55-ADB2-B75FB31B67E0}.Release|iPhoneSimulator.ActiveCfg = Release|Any CPU
		{23193E42-36B3-4A55-ADB2-B75FB31B67E0}.Release|iPhoneSimulator.Build.0 = Release|Any CPU
		{0AC01E00-D078-4B86-BE2B-FC91D2B6AB6B}.Debug|Any CPU.ActiveCfg = Debug|Any CPU
		{0AC01E00-D078-4B86-BE2B-FC91D2B6AB6B}.Debug|Any CPU.Build.0 = Debug|Any CPU
		{0AC01E00-D078-4B86-BE2B-FC91D2B6AB6B}.Debug|iPhone.ActiveCfg = Debug|Any CPU
		{0AC01E00-D078-4B86-BE2B-FC91D2B6AB6B}.Debug|iPhone.Build.0 = Debug|Any CPU
		{0AC01E00-D078-4B86-BE2B-FC91D2B6AB6B}.Debug|iPhoneSimulator.ActiveCfg = Debug|Any CPU
		{0AC01E00-D078-4B86-BE2B-FC91D2B6AB6B}.Debug|iPhoneSimulator.Build.0 = Debug|Any CPU
		{0AC01E00-D078-4B86-BE2B-FC91D2B6AB6B}.Release|Any CPU.ActiveCfg = Release|Any CPU
		{0AC01E00-D078-4B86-BE2B-FC91D2B6AB6B}.Release|Any CPU.Build.0 = Release|Any CPU
		{0AC01E00-D078-4B86-BE2B-FC91D2B6AB6B}.Release|iPhone.ActiveCfg = Release|Any CPU
		{0AC01E00-D078-4B86-BE2B-FC91D2B6AB6B}.Release|iPhone.Build.0 = Release|Any CPU
		{0AC01E00-D078-4B86-BE2B-FC91D2B6AB6B}.Release|iPhoneSimulator.ActiveCfg = Release|Any CPU
		{0AC01E00-D078-4B86-BE2B-FC91D2B6AB6B}.Release|iPhoneSimulator.Build.0 = Release|Any CPU
		{E509D50A-5D7A-4D59-B828-273EA7040259}.Debug|Any CPU.ActiveCfg = Debug|Any CPU
		{E509D50A-5D7A-4D59-B828-273EA7040259}.Debug|Any CPU.Build.0 = Debug|Any CPU
		{E509D50A-5D7A-4D59-B828-273EA7040259}.Debug|iPhone.ActiveCfg = Debug|Any CPU
		{E509D50A-5D7A-4D59-B828-273EA7040259}.Debug|iPhone.Build.0 = Debug|Any CPU
		{E509D50A-5D7A-4D59-B828-273EA7040259}.Debug|iPhoneSimulator.ActiveCfg = Debug|Any CPU
		{E509D50A-5D7A-4D59-B828-273EA7040259}.Debug|iPhoneSimulator.Build.0 = Debug|Any CPU
		{E509D50A-5D7A-4D59-B828-273EA7040259}.Release|Any CPU.ActiveCfg = Release|Any CPU
		{E509D50A-5D7A-4D59-B828-273EA7040259}.Release|Any CPU.Build.0 = Release|Any CPU
		{E509D50A-5D7A-4D59-B828-273EA7040259}.Release|iPhone.ActiveCfg = Release|Any CPU
		{E509D50A-5D7A-4D59-B828-273EA7040259}.Release|iPhone.Build.0 = Release|Any CPU
		{E509D50A-5D7A-4D59-B828-273EA7040259}.Release|iPhoneSimulator.ActiveCfg = Release|Any CPU
		{E509D50A-5D7A-4D59-B828-273EA7040259}.Release|iPhoneSimulator.Build.0 = Release|Any CPU
		{F76573FD-074F-40D1-9A6F-3D42748D86E3}.Debug|Any CPU.ActiveCfg = Debug|Any CPU
		{F76573FD-074F-40D1-9A6F-3D42748D86E3}.Debug|Any CPU.Build.0 = Debug|Any CPU
		{F76573FD-074F-40D1-9A6F-3D42748D86E3}.Debug|iPhone.ActiveCfg = Debug|Any CPU
		{F76573FD-074F-40D1-9A6F-3D42748D86E3}.Debug|iPhone.Build.0 = Debug|Any CPU
		{F76573FD-074F-40D1-9A6F-3D42748D86E3}.Debug|iPhoneSimulator.ActiveCfg = Debug|Any CPU
		{F76573FD-074F-40D1-9A6F-3D42748D86E3}.Debug|iPhoneSimulator.Build.0 = Debug|Any CPU
		{F76573FD-074F-40D1-9A6F-3D42748D86E3}.Release|Any CPU.ActiveCfg = Release|Any CPU
		{F76573FD-074F-40D1-9A6F-3D42748D86E3}.Release|Any CPU.Build.0 = Release|Any CPU
		{F76573FD-074F-40D1-9A6F-3D42748D86E3}.Release|iPhone.ActiveCfg = Release|Any CPU
		{F76573FD-074F-40D1-9A6F-3D42748D86E3}.Release|iPhone.Build.0 = Release|Any CPU
		{F76573FD-074F-40D1-9A6F-3D42748D86E3}.Release|iPhoneSimulator.ActiveCfg = Release|Any CPU
		{F76573FD-074F-40D1-9A6F-3D42748D86E3}.Release|iPhoneSimulator.Build.0 = Release|Any CPU
		{3728894F-AB6C-4BF6-9072-FF07153AF61F}.Debug|Any CPU.ActiveCfg = Debug|Any CPU
		{3728894F-AB6C-4BF6-9072-FF07153AF61F}.Debug|Any CPU.Build.0 = Debug|Any CPU
		{3728894F-AB6C-4BF6-9072-FF07153AF61F}.Debug|iPhone.ActiveCfg = Debug|Any CPU
		{3728894F-AB6C-4BF6-9072-FF07153AF61F}.Debug|iPhone.Build.0 = Debug|Any CPU
		{3728894F-AB6C-4BF6-9072-FF07153AF61F}.Debug|iPhoneSimulator.ActiveCfg = Debug|Any CPU
		{3728894F-AB6C-4BF6-9072-FF07153AF61F}.Debug|iPhoneSimulator.Build.0 = Debug|Any CPU
		{3728894F-AB6C-4BF6-9072-FF07153AF61F}.Release|Any CPU.ActiveCfg = Release|Any CPU
		{3728894F-AB6C-4BF6-9072-FF07153AF61F}.Release|Any CPU.Build.0 = Release|Any CPU
		{3728894F-AB6C-4BF6-9072-FF07153AF61F}.Release|iPhone.ActiveCfg = Release|Any CPU
		{3728894F-AB6C-4BF6-9072-FF07153AF61F}.Release|iPhone.Build.0 = Release|Any CPU
		{3728894F-AB6C-4BF6-9072-FF07153AF61F}.Release|iPhoneSimulator.ActiveCfg = Release|Any CPU
		{3728894F-AB6C-4BF6-9072-FF07153AF61F}.Release|iPhoneSimulator.Build.0 = Release|Any CPU
	EndGlobalSection
	GlobalSection(SolutionProperties) = preSolution
		HideSolutionNode = FALSE
	EndGlobalSection
	GlobalSection(NestedProjects) = preSolution
		{6FAD6071-0C96-4FC0-AE47-675E79BB5C85} = {CA6361B6-16C7-40CD-A904-913F2603F81A}
		{A6C55340-0A1E-4ABE-9D67-8DF73E047D8A} = {BF7592FC-5C9D-4EE0-9FA2-BA17F7BEEF60}
		{73FB6376-38CE-427E-81FB-CDF0119DFC89} = {6FAD6071-0C96-4FC0-AE47-675E79BB5C85}
		{8C6B9FFB-701E-4655-86A2-616902422209} = {6FAD6071-0C96-4FC0-AE47-675E79BB5C85}
		{78A3BA19-F39A-4703-8A35-1F3DE0CF3CAF} = {6FAD6071-0C96-4FC0-AE47-675E79BB5C85}
		{A5FA633F-D389-42BC-AC63-C32DD886108C} = {6FAD6071-0C96-4FC0-AE47-675E79BB5C85}
		{76B342B7-5551-4C5F-AA9B-125AB832CB23} = {6FAD6071-0C96-4FC0-AE47-675E79BB5C85}
		{137B5C7E-CA95-4EE2-B903-74C605BB4B70} = {CA6361B6-16C7-40CD-A904-913F2603F81A}
		{EE2BADAA-C159-4152-BF14-E6A00ABCA923} = {BF7592FC-5C9D-4EE0-9FA2-BA17F7BEEF60}
		{97CAAADD-3561-4BA7-A9FD-457F15E8D6A1} = {167531C0-AE9D-4E0E-B9F4-E99B47E86D76}
		{B70AF16A-F3D8-4D6A-95B4-4D1A4E67A60F} = {167531C0-AE9D-4E0E-B9F4-E99B47E86D76}
		{91EBF725-D520-44C0-82A8-BFDF5683AF2A} = {167531C0-AE9D-4E0E-B9F4-E99B47E86D76}
		{4445EB26-49CB-48D4-89D0-CEF8FC0A0A9F} = {167531C0-AE9D-4E0E-B9F4-E99B47E86D76}
		{38150885-9ED4-4D8F-A6C8-88B65EADDEC5} = {167531C0-AE9D-4E0E-B9F4-E99B47E86D76}
		{939DFC56-0B7B-45C7-A6DB-7AC8C03C1184} = {167531C0-AE9D-4E0E-B9F4-E99B47E86D76}
		{A2C4C324-9CFB-4005-A0FE-E95A59BA5919} = {6FAD6071-0C96-4FC0-AE47-675E79BB5C85}
		{C2249E99-5A52-41D0-A924-5C0A38B87291} = {8575BCE0-CC74-471D-B225-A5DC98ECFAF2}
		{01F72703-A060-4938-A159-2864111C4605} = {6FAD6071-0C96-4FC0-AE47-675E79BB5C85}
		{00C926C1-ECA3-478F-812E-BC90BA2F040D} = {6FAD6071-0C96-4FC0-AE47-675E79BB5C85}
		{F5E33357-2065-46F6-9FD4-046A7B6600E6} = {6FAD6071-0C96-4FC0-AE47-675E79BB5C85}
		{8B11FC12-5F85-43F7-8410-99472C668A6C} = {8575BCE0-CC74-471D-B225-A5DC98ECFAF2}
		{7DB0F14E-BCEF-4CE0-B77E-5577A3804F52} = {BF7592FC-5C9D-4EE0-9FA2-BA17F7BEEF60}
		{AC93BE64-79CE-4BD3-8974-4824DAF40E98} = {7DB0F14E-BCEF-4CE0-B77E-5577A3804F52}
		{3464B829-BE66-49D5-8159-3518D5572D5E} = {167531C0-AE9D-4E0E-B9F4-E99B47E86D76}
		{23193E42-36B3-4A55-ADB2-B75FB31B67E0} = {6FAD6071-0C96-4FC0-AE47-675E79BB5C85}
		{0AC01E00-D078-4B86-BE2B-FC91D2B6AB6B} = {55A93BCC-9B95-4F8F-A203-1BA478B8D1FB}
		{E509D50A-5D7A-4D59-B828-273EA7040259} = {167531C0-AE9D-4E0E-B9F4-E99B47E86D76}
		{F76573FD-074F-40D1-9A6F-3D42748D86E3} = {BF7592FC-5C9D-4EE0-9FA2-BA17F7BEEF60}
		{3728894F-AB6C-4BF6-9072-FF07153AF61F} = {55A93BCC-9B95-4F8F-A203-1BA478B8D1FB}
	EndGlobalSection
	GlobalSection(ExtensibilityGlobals) = postSolution
		SolutionGuid = {B8E82BC8-7920-4FF4-92F6-D9D6AF6A4702}
	EndGlobalSection
	GlobalSection(TeamFoundationVersionControl) = preSolution
		SccNumberOfProjects = 27
		SccEnterpriseProvider = {4CA58AB2-18FA-4F8D-95D4-32DDF27D184C}
		SccTeamFoundationServer = https://compare88net.visualstudio.com/
		SccLocalPath0 = .
		SccProjectUniqueName1 = MauiApp1\\MauiApp1.csproj
		SccProjectTopLevelParentUniqueName1 = FitApp.sln
		SccProjectName1 = MauiApp1
		SccLocalPath1 = MauiApp1
		SccProjectUniqueName2 = ChartApi.Net7\\ChartApi.Net7.csproj
		SccProjectTopLevelParentUniqueName2 = FitApp.sln
		SccProjectName2 = ChartApi.Net7
		SccLocalPath2 = ChartApi.Net7
		SccProjectUniqueName3 = MessageApi.Net7\\MessageApi.Net7.csproj
		SccProjectTopLevelParentUniqueName3 = FitApp.sln
		SccProjectName3 = MessageApi.Net7
		SccLocalPath3 = MessageApi.Net7
		SccProjectUniqueName4 = SupplementApi.Net7\\SupplementApi.Net7.csproj
		SccProjectTopLevelParentUniqueName4 = FitApp.sln
		SccProjectName4 = SupplementApi.Net7
		SccLocalPath4 = SupplementApi.Net7
		SccProjectUniqueName5 = UserApi.Net7\\UserApi.Net7.csproj
		SccProjectTopLevelParentUniqueName5 = FitApp.sln
		SccProjectName5 = UserApi.Net7
		SccLocalPath5 = UserApi.Net7
		SccProjectUniqueName6 = FitappApi.Net7\\FitappApi.Net7.csproj
		SccProjectTopLevelParentUniqueName6 = FitApp.sln
		SccProjectName6 = FitappApi.Net7
		SccLocalPath6 = FitappApi.Net7
		SccProjectUniqueName7 = FitappAdminWeb.Net7\\FitappAdminWeb.Net7.csproj
		SccProjectTopLevelParentUniqueName7 = FitApp.sln
		SccProjectName7 = FitappAdminWeb.Net7
		SccLocalPath7 = FitappAdminWeb.Net7
		SccProjectUniqueName8 = Charting.Net7\\Charting.Net7.csproj
		SccProjectTopLevelParentUniqueName8 = FitApp.sln
		SccProjectName8 = Charting.Net7
		SccLocalPath8 = Charting.Net7
		SccProjectUniqueName9 = Imaging.Net7\\Imaging.Net7.csproj
		SccProjectTopLevelParentUniqueName9 = FitApp.sln
		SccProjectName9 = Imaging.Net7
		SccLocalPath9 = Imaging.Net7
		SccProjectUniqueName10 = Messaging.Net7\\Messaging.Net7.csproj
		SccProjectTopLevelParentUniqueName10 = FitApp.sln
		SccProjectName10 = Messaging.Net7
		SccLocalPath10 = Messaging.Net7
		SccProjectUniqueName11 = QuestionManagment.Net7\\QuestionManagment.Net7.csproj
		SccProjectTopLevelParentUniqueName11 = FitApp.sln
		SccProjectName11 = QuestionManagment.Net7
		SccLocalPath11 = QuestionManagment.Net7
		SccProjectUniqueName12 = Supplements.Net7\\Supplements.Net7.csproj
		SccProjectTopLevelParentUniqueName12 = FitApp.sln
		SccProjectName12 = Supplements.Net7
		SccLocalPath12 = Supplements.Net7
		SccProjectUniqueName13 = UserManagment.Net7\\UserManagment.Net7.csproj
		SccProjectTopLevelParentUniqueName13 = FitApp.sln
		SccProjectName13 = UserManagment.Net7
		SccLocalPath13 = UserManagment.Net7
		SccProjectUniqueName14 = ParentMiddleWare\\ParentMiddleWare.csproj
		SccProjectTopLevelParentUniqueName14 = FitApp.sln
		SccProjectName14 = ParentMiddleWare
		SccLocalPath14 = ParentMiddleWare
		SccProjectUniqueName15 = DataEntryTest\\DataEntryTest.csproj
		SccProjectTopLevelParentUniqueName15 = FitApp.sln
		SccProjectName15 = DataEntryTest
		SccLocalPath15 = DataEntryTest
		SccProjectUniqueName16 = FeedApi.Net7\\FeedApi.Net7.csproj
		SccProjectTopLevelParentUniqueName16 = FitApp.sln
		SccProjectName16 = FeedApi.Net7
		SccLocalPath16 = FeedApi.Net7
		SccProjectUniqueName17 = ExerciseApi.Net7\\ExerciseApi.Net7.csproj
		SccProjectTopLevelParentUniqueName17 = FitApp.sln
		SccProjectName17 = ExerciseApi.Net7
		SccLocalPath17 = ExerciseApi.Net7
		SccProjectUniqueName18 = ConsoleTest\\ConsoleTest.csproj
		SccProjectTopLevelParentUniqueName18 = FitApp.sln
		SccProjectName18 = ConsoleTest
		SccLocalPath18 = ConsoleTest
		SccProjectUniqueName19 = FitAppData.Net7\\FitAppData.Net7.csproj
		SccProjectTopLevelParentUniqueName19 = FitApp.sln
		SccProjectName19 = FitAppData.Net7
		SccLocalPath19 = FitAppData.Net7
		SccProjectUniqueName20 = DAOLayer.Net7\\DAOLayer.Net7.csproj
		SccProjectTopLevelParentUniqueName20 = FitApp.sln
		SccProjectName20 = DAOLayer.Net7
		SccLocalPath20 = DAOLayer.Net7
		SccProjectUniqueName21 = MuhdoApi.Net7\\MuhdoApi.Net7.csproj
		SccProjectTopLevelParentUniqueName21 = FitApp.sln
		SccProjectName21 = MuhdoApi.Net7
		SccLocalPath21 = MuhdoApi.Net7
		SccProjectUniqueName22 = ImageApi.Net7\\NutritionApi.Net7.csproj
		SccProjectTopLevelParentUniqueName22 = FitApp.sln
		SccProjectName22 = ImageApi.Net7
		SccLocalPath22 = ImageApi.Net7
		SccProjectUniqueName23 = LogHelper\\LogHelper.csproj
		SccProjectTopLevelParentUniqueName23 = FitApp.sln
		SccProjectName23 = LogHelper
		SccLocalPath23 = LogHelper
		SccProjectUniqueName24 = AirApnFunctions\\AirApnFunctions.csproj
		SccProjectTopLevelParentUniqueName24 = FitApp.sln
		SccProjectName24 = AirApnFunctions
		SccLocalPath24 = AirApnFunctions
		SccProjectUniqueName25 = AIRQtool\\AIRQtool.csproj
		SccProjectTopLevelParentUniqueName25 = FitApp.sln
		SccProjectName25 = AIRQtool
		SccLocalPath25 = AIRQtool
		SccProjectUniqueName26 = Statics\\Statics.csproj
		SccProjectTopLevelParentUniqueName26 = FitApp.sln
		SccProjectName26 = Statics
		SccLocalPath26 = Statics
	EndGlobalSection
EndGlobal
